// !$*UTF8*$!
{
	archiveVersion = 1;
	classes = {
	};
	objectVersion = 46;
	objects = {

/* Begin PBXBuildFile section */
		4E0698031C8D4B5700F72B00 /* ACPlayer.m in Sources */ = {isa = PBXBuildFile; fileRef = 4E0698021C8D4B5700F72B00 /* ACPlayer.m */; };
		4E0698061C8D4DED00F72B00 /* ACPlayerResourceLoaderDelegate.m in Sources */ = {isa = PBXBuildFile; fileRef = 4E0698051C8D4DED00F72B00 /* ACPlayerResourceLoaderDelegate.m */; };
		4E0698091C8D82BD00F72B00 /* ACPlayerResourceConnection.m in Sources */ = {isa = PBXBuildFile; fileRef = 4E0698081C8D82BD00F72B00 /* ACPlayerResourceConnection.m */; };
		4E3501C91C8A859300032A86 /* main.m in Sources */ = {isa = PBXBuildFile; fileRef = 4E3501C81C8A859300032A86 /* main.m */; };
		4E3501CC1C8A859300032A86 /* AppDelegate.m in Sources */ = {isa = PBXBuildFile; fileRef = 4E3501CB1C8A859300032A86 /* AppDelegate.m */; };
		4E3501CF1C8A859300032A86 /* ViewController.m in Sources */ = {isa = PBXBuildFile; fileRef = 4E3501CE1C8A859300032A86 /* ViewController.m */; };
		4E3501D21C8A859300032A86 /* Main.storyboard in Resources */ = {isa = PBXBuildFile; fileRef = 4E3501D01C8A859300032A86 /* Main.storyboard */; };
		4E3501D41C8A859300032A86 /* Assets.xcassets in Resources */ = {isa = PBXBuildFile; fileRef = 4E3501D31C8A859300032A86 /* Assets.xcassets */; };
		4E3501D71C8A859300032A86 /* LaunchScreen.storyboard in Resources */ = {isa = PBXBuildFile; fileRef = 4E3501D51C8A859300032A86 /* LaunchScreen.storyboard */; };
		4E3501DF1C8A85A000032A86 /* AVFoundation.framework in Frameworks */ = {isa = PBXBuildFile; fileRef = 4E3501DE1C8A85A000032A86 /* AVFoundation.framework */; };
		4E3501E21C8A916800032A86 /* ghsy.mp3 in Resources */ = {isa = PBXBuildFile; fileRef = 4E3501E11C8A916800032A86 /* ghsy.mp3 */; };
		4E3501E71C8AA0BE00032A86 /* MyVedioViewController.m in Sources */ = {isa = PBXBuildFile; fileRef = 4E3501E51C8AA0BE00032A86 /* MyVedioViewController.m */; };
		4E3501E81C8AA0BE00032A86 /* MyVedioViewController.xib in Resources */ = {isa = PBXBuildFile; fileRef = 4E3501E61C8AA0BE00032A86 /* MyVedioViewController.xib */; };
		4E7404D81C8C0C01009D0DA5 /* MyVedioImageViewController.m in Sources */ = {isa = PBXBuildFile; fileRef = 4E7404D61C8C0C01009D0DA5 /* MyVedioImageViewController.m */; };
		4E7404D91C8C0C01009D0DA5 /* MyVedioImageViewController.xib in Resources */ = {isa = PBXBuildFile; fileRef = 4E7404D71C8C0C01009D0DA5 /* MyVedioImageViewController.xib */; };
		4E8BAEEA1CAE8269002DE271 /* ACPlayerCommonType.h in Sources */ = {isa = PBXBuildFile; fileRef = 4E8BAEE91CAE8269002DE271 /* ACPlayerCommonType.h */; };
		4E97FB501C8AC341006C29D7 /* ATPlayerView.m in Sources */ = {isa = PBXBuildFile; fileRef = 4E97FB4F1C8AC341006C29D7 /* ATPlayerView.m */; };
		4E97FB531C8AE140006C29D7 /* ATPlayerMainView.m in Sources */ = {isa = PBXBuildFile; fileRef = 4E97FB521C8AE140006C29D7 /* ATPlayerMainView.m */; };
/* End PBXBuildFile section */

/* Begin PBXFileReference section */
		4E0698011C8D4B5700F72B00 /* ACPlayer.h */ = {isa = PBXFileReference; fileEncoding = 4; lastKnownFileType = sourcecode.c.h; path = ACPlayer.h; sourceTree = "<group>"; };
		4E0698021C8D4B5700F72B00 /* ACPlayer.m */ = {isa = PBXFileReference; fileEncoding = 4; lastKnownFileType = sourcecode.c.objc; path = ACPlayer.m; sourceTree = "<group>"; };
		4E0698041C8D4DED00F72B00 /* ACPlayerResourceLoaderDelegate.h */ = {isa = PBXFileReference; fileEncoding = 4; lastKnownFileType = sourcecode.c.h; path = ACPlayerResourceLoaderDelegate.h; sourceTree = "<group>"; };
		4E0698051C8D4DED00F72B00 /* ACPlayerResourceLoaderDelegate.m */ = {isa = PBXFileReference; fileEncoding = 4; lastKnownFileType = sourcecode.c.objc; path = ACPlayerResourceLoaderDelegate.m; sourceTree = "<group>"; };
		4E0698071C8D82BD00F72B00 /* ACPlayerResourceConnection.h */ = {isa = PBXFileReference; fileEncoding = 4; lastKnownFileType = sourcecode.c.h; path = ACPlayerResourceConnection.h; sourceTree = "<group>"; };
		4E0698081C8D82BD00F72B00 /* ACPlayerResourceConnection.m */ = {isa = PBXFileReference; fileEncoding = 4; lastKnownFileType = sourcecode.c.objc; path = ACPlayerResourceConnection.m; sourceTree = "<group>"; };
		4E3501C41C8A859300032A86 /* VedioDemo.app */ = {isa = PBXFileReference; explicitFileType = wrapper.application; includeInIndex = 0; path = VedioDemo.app; sourceTree = BUILT_PRODUCTS_DIR; };
		4E3501C81C8A859300032A86 /* main.m */ = {isa = PBXFileReference; lastKnownFileType = sourcecode.c.objc; path = main.m; sourceTree = "<group>"; };
		4E3501CA1C8A859300032A86 /* AppDelegate.h */ = {isa = PBXFileReference; lastKnownFileType = sourcecode.c.h; path = AppDelegate.h; sourceTree = "<group>"; };
		4E3501CB1C8A859300032A86 /* AppDelegate.m */ = {isa = PBXFileReference; lastKnownFileType = sourcecode.c.objc; path = AppDelegate.m; sourceTree = "<group>"; };
		4E3501CD1C8A859300032A86 /* ViewController.h */ = {isa = PBXFileReference; lastKnownFileType = sourcecode.c.h; path = ViewController.h; sourceTree = "<group>"; };
		4E3501CE1C8A859300032A86 /* ViewController.m */ = {isa = PBXFileReference; lastKnownFileType = sourcecode.c.objc; path = ViewController.m; sourceTree = "<group>"; };
		4E3501D11C8A859300032A86 /* Base */ = {isa = PBXFileReference; lastKnownFileType = file.storyboard; name = Base; path = Base.lproj/Main.storyboard; sourceTree = "<group>"; };
		4E3501D31C8A859300032A86 /* Assets.xcassets */ = {isa = PBXFileReference; lastKnownFileType = folder.assetcatalog; path = Assets.xcassets; sourceTree = "<group>"; };
		4E3501D61C8A859300032A86 /* Base */ = {isa = PBXFileReference; lastKnownFileType = file.storyboard; name = Base; path = Base.lproj/LaunchScreen.storyboard; sourceTree = "<group>"; };
		4E3501D81C8A859300032A86 /* Info.plist */ = {isa = PBXFileReference; lastKnownFileType = text.plist.xml; path = Info.plist; sourceTree = "<group>"; };
		4E3501DE1C8A85A000032A86 /* AVFoundation.framework */ = {isa = PBXFileReference; lastKnownFileType = wrapper.framework; name = AVFoundation.framework; path = System/Library/Frameworks/AVFoundation.framework; sourceTree = SDKROOT; };
		4E3501E11C8A916800032A86 /* ghsy.mp3 */ = {isa = PBXFileReference; lastKnownFileType = audio.mp3; name = ghsy.mp3; path = ../ghsy.mp3; sourceTree = "<group>"; };
		4E3501E41C8AA0BE00032A86 /* MyVedioViewController.h */ = {isa = PBXFileReference; fileEncoding = 4; lastKnownFileType = sourcecode.c.h; path = MyVedioViewController.h; sourceTree = "<group>"; };
		4E3501E51C8AA0BE00032A86 /* MyVedioViewController.m */ = {isa = PBXFileReference; fileEncoding = 4; lastKnownFileType = sourcecode.c.objc; path = MyVedioViewController.m; sourceTree = "<group>"; };
		4E3501E61C8AA0BE00032A86 /* MyVedioViewController.xib */ = {isa = PBXFileReference; fileEncoding = 4; lastKnownFileType = file.xib; path = MyVedioViewController.xib; sourceTree = "<group>"; };
		4E7404D51C8C0C01009D0DA5 /* MyVedioImageViewController.h */ = {isa = PBXFileReference; fileEncoding = 4; lastKnownFileType = sourcecode.c.h; path = MyVedioImageViewController.h; sourceTree = "<group>"; };
		4E7404D61C8C0C01009D0DA5 /* MyVedioImageViewController.m */ = {isa = PBXFileReference; fileEncoding = 4; lastKnownFileType = sourcecode.c.objc; path = MyVedioImageViewController.m; sourceTree = "<group>"; };
		4E7404D71C8C0C01009D0DA5 /* MyVedioImageViewController.xib */ = {isa = PBXFileReference; fileEncoding = 4; lastKnownFileType = file.xib; path = MyVedioImageViewController.xib; sourceTree = "<group>"; };
		4E8BAEE81CAE7658002DE271 /* ACPlayerDelegate.h */ = {isa = PBXFileReference; fileEncoding = 4; lastKnownFileType = sourcecode.c.h; path = ACPlayerDelegate.h; sourceTree = "<group>"; };
		4E8BAEE91CAE8269002DE271 /* ACPlayerCommonType.h */ = {isa = PBXFileReference; fileEncoding = 4; lastKnownFileType = sourcecode.c.h; path = ACPlayerCommonType.h; sourceTree = "<group>"; };
		4E97FB4E1C8AC341006C29D7 /* ATPlayerView.h */ = {isa = PBXFileReference; fileEncoding = 4; lastKnownFileType = sourcecode.c.h; path = ATPlayerView.h; sourceTree = "<group>"; };
		4E97FB4F1C8AC341006C29D7 /* ATPlayerView.m */ = {isa = PBXFileReference; fileEncoding = 4; lastKnownFileType = sourcecode.c.objc; path = ATPlayerView.m; sourceTree = "<group>"; };
		4E97FB511C8AE140006C29D7 /* ATPlayerMainView.h */ = {isa = PBXFileReference; fileEncoding = 4; lastKnownFileType = sourcecode.c.h; path = ATPlayerMainView.h; sourceTree = "<group>"; };
		4E97FB521C8AE140006C29D7 /* ATPlayerMainView.m */ = {isa = PBXFileReference; fileEncoding = 4; lastKnownFileType = sourcecode.c.objc; path = ATPlayerMainView.m; sourceTree = "<group>"; };
/* End PBXFileReference section */

/* Begin PBXFrameworksBuildPhase section */
		4E3501C11C8A859300032A86 /* Frameworks */ = {
			isa = PBXFrameworksBuildPhase;
			buildActionMask = 2147483647;
			files = (
				4E3501DF1C8A85A000032A86 /* AVFoundation.framework in Frameworks */,
			);
			runOnlyForDeploymentPostprocessing = 0;
		};
/* End PBXFrameworksBuildPhase section */

/* Begin PBXGroup section */
		4E0698001C8D4B3500F72B00 /* ACPlayer */ = {
			isa = PBXGroup;
			children = (
				4E8BAEE91CAE8269002DE271 /* ACPlayerCommonType.h */,
				4E8BAEE81CAE7658002DE271 /* ACPlayerDelegate.h */,
				4E0698011C8D4B5700F72B00 /* ACPlayer.h */,
				4E0698021C8D4B5700F72B00 /* ACPlayer.m */,
				4E0698041C8D4DED00F72B00 /* ACPlayerResourceLoaderDelegate.h */,
				4E0698051C8D4DED00F72B00 /* ACPlayerResourceLoaderDelegate.m */,
				4E0698071C8D82BD00F72B00 /* ACPlayerResourceConnection.h */,
				4E0698081C8D82BD00F72B00 /* ACPlayerResourceConnection.m */,
			);
			path = ACPlayer;
			sourceTree = "<group>";
		};
		4E3501BB1C8A859300032A86 = {
			isa = PBXGroup;
			children = (
				4E0698001C8D4B3500F72B00 /* ACPlayer */,
				4E97FB4D1C8AC300006C29D7 /* ATPlayer */,
				4E3501E31C8A918300032A86 /* vedio */,
				4E3501E01C8A85A900032A86 /* framework */,
				4E3501C61C8A859300032A86 /* VedioDemo */,
				4E3501C51C8A859300032A86 /* Products */,
			);
			sourceTree = "<group>";
		};
		4E3501C51C8A859300032A86 /* Products */ = {
			isa = PBXGroup;
			children = (
				4E3501C41C8A859300032A86 /* VedioDemo.app */,
			);
			name = Products;
			sourceTree = "<group>";
		};
		4E3501C61C8A859300032A86 /* VedioDemo */ = {
			isa = PBXGroup;
			children = (
				4E8BAEE71CAE6136002DE271 /* vedio */,
				4E8BAEE61CAE6126002DE271 /* music */,
				4E3501D31C8A859300032A86 /* Assets.xcassets */,
				4E3501C71C8A859300032A86 /* Supporting Files */,
			);
			path = VedioDemo;
			sourceTree = "<group>";
		};
		4E3501C71C8A859300032A86 /* Supporting Files */ = {
			isa = PBXGroup;
			children = (
				4E3501CA1C8A859300032A86 /* AppDelegate.h */,
				4E3501CB1C8A859300032A86 /* AppDelegate.m */,
				4E3501D51C8A859300032A86 /* LaunchScreen.storyboard */,
				4E3501D81C8A859300032A86 /* Info.plist */,
				4E3501C81C8A859300032A86 /* main.m */,
			);
			name = "Supporting Files";
			sourceTree = "<group>";
		};
		4E3501E01C8A85A900032A86 /* framework */ = {
			isa = PBXGroup;
			children = (
				4E3501DE1C8A85A000032A86 /* AVFoundation.framework */,
			);
			name = framework;
			sourceTree = "<group>";
		};
		4E3501E31C8A918300032A86 /* vedio */ = {
			isa = PBXGroup;
			children = (
				4E3501E11C8A916800032A86 /* ghsy.mp3 */,
			);
			path = vedio;
			sourceTree = "<group>";
		};
		4E8BAEE61CAE6126002DE271 /* music */ = {
			isa = PBXGroup;
			children = (
				4E3501E41C8AA0BE00032A86 /* MyVedioViewController.h */,
				4E3501E51C8AA0BE00032A86 /* MyVedioViewController.m */,
				4E3501E61C8AA0BE00032A86 /* MyVedioViewController.xib */,
				4E7404D51C8C0C01009D0DA5 /* MyVedioImageViewController.h */,
				4E7404D61C8C0C01009D0DA5 /* MyVedioImageViewController.m */,
				4E7404D71C8C0C01009D0DA5 /* MyVedioImageViewController.xib */,
			);
			name = music;
			sourceTree = "<group>";
		};
		4E8BAEE71CAE6136002DE271 /* vedio */ = {
			isa = PBXGroup;
			children = (
				4E3501CD1C8A859300032A86 /* ViewController.h */,
				4E3501CE1C8A859300032A86 /* ViewController.m */,
				4E3501D01C8A859300032A86 /* Main.storyboard */,
			);
			name = vedio;
			sourceTree = "<group>";
		};
		4E97FB4D1C8AC300006C29D7 /* ATPlayer */ = {
			isa = PBXGroup;
			children = (
				4E97FB4E1C8AC341006C29D7 /* ATPlayerView.h */,
				4E97FB4F1C8AC341006C29D7 /* ATPlayerView.m */,
				4E97FB511C8AE140006C29D7 /* ATPlayerMainView.h */,
				4E97FB521C8AE140006C29D7 /* ATPlayerMainView.m */,
			);
			path = ATPlayer;
			sourceTree = "<group>";
		};
/* End PBXGroup section */

/* Begin PBXNativeTarget section */
		4E3501C31C8A859300032A86 /* VedioDemo */ = {
			isa = PBXNativeTarget;
			buildConfigurationList = 4E3501DB1C8A859300032A86 /* Build configuration list for PBXNativeTarget "VedioDemo" */;
			buildPhases = (
				4E3501C01C8A859300032A86 /* Sources */,
				4E3501C11C8A859300032A86 /* Frameworks */,
				4E3501C21C8A859300032A86 /* Resources */,
			);
			buildRules = (
			);
			dependencies = (
			);
			name = VedioDemo;
			productName = VedioDemo;
			productReference = 4E3501C41C8A859300032A86 /* VedioDemo.app */;
			productType = "com.apple.product-type.application";
		};
/* End PBXNativeTarget section */

/* Begin PBXProject section */
		4E3501BC1C8A859300032A86 /* Project object */ = {
			isa = PBXProject;
			attributes = {
				LastUpgradeCheck = 0720;
				ORGANIZATIONNAME = "袁永国";
				TargetAttributes = {
					4E3501C31C8A859300032A86 = {
						CreatedOnToolsVersion = 7.2;
					};
				};
			};
			buildConfigurationList = 4E3501BF1C8A859300032A86 /* Build configuration list for PBXProject "VedioDemo" */;
			compatibilityVersion = "Xcode 3.2";
			developmentRegion = English;
			hasScannedForEncodings = 0;
			knownRegions = (
				en,
				Base,
			);
			mainGroup = 4E3501BB1C8A859300032A86;
			productRefGroup = 4E3501C51C8A859300032A86 /* Products */;
			projectDirPath = "";
			projectRoot = "";
			targets = (
				4E3501C31C8A859300032A86 /* VedioDemo */,
			);
		};
/* End PBXProject section */

/* Begin PBXResourcesBuildPhase section */
		4E3501C21C8A859300032A86 /* Resources */ = {
			isa = PBXResourcesBuildPhase;
			buildActionMask = 2147483647;
			files = (
				4E3501E21C8A916800032A86 /* ghsy.mp3 in Resources */,
				4E3501E81C8AA0BE00032A86 /* MyVedioViewController.xib in Resources */,
				4E3501D71C8A859300032A86 /* LaunchScreen.storyboard in Resources */,
				4E3501D41C8A859300032A86 /* Assets.xcassets in Resources */,
				4E7404D91C8C0C01009D0DA5 /* MyVedioImageViewController.xib in Resources */,
				4E3501D21C8A859300032A86 /* Main.storyboard in Resources */,
			);
			runOnlyForDeploymentPostprocessing = 0;
		};
/* End PBXResourcesBuildPhase section */

/* Begin PBXSourcesBuildPhase section */
		4E3501C01C8A859300032A86 /* Sources */ = {
			isa = PBXSourcesBuildPhase;
			buildActionMask = 2147483647;
			files = (
				4E7404D81C8C0C01009D0DA5 /* MyVedioImageViewController.m in Sources */,
				4E97FB501C8AC341006C29D7 /* ATPlayerView.m in Sources */,
				4E97FB531C8AE140006C29D7 /* ATPlayerMainView.m in Sources */,
				4E0698061C8D4DED00F72B00 /* ACPlayerResourceLoaderDelegate.m in Sources */,
				4E3501CF1C8A859300032A86 /* ViewController.m in Sources */,
				4E3501CC1C8A859300032A86 /* AppDelegate.m in Sources */,
				4E3501E71C8AA0BE00032A86 /* MyVedioViewController.m in Sources */,
				4E0698031C8D4B5700F72B00 /* ACPlayer.m in Sources */,
				4E0698091C8D82BD00F72B00 /* ACPlayerResourceConnection.m in Sources */,
				4E8BAEEA1CAE8269002DE271 /* ACPlayerCommonType.h in Sources */,
				4E3501C91C8A859300032A86 /* main.m in Sources */,
			);
			runOnlyForDeploymentPostprocessing = 0;
		};
/* End PBXSourcesBuildPhase section */

/* Begin PBXVariantGroup section */
		4E3501D01C8A859300032A86 /* Main.storyboard */ = {
			isa = PBXVariantGroup;
			children = (
				4E3501D11C8A859300032A86 /* Base */,
			);
			name = Main.storyboard;
			sourceTree = "<group>";
		};
		4E3501D51C8A859300032A86 /* LaunchScreen.storyboard */ = {
			isa = PBXVariantGroup;
			children = (
				4E3501D61C8A859300032A86 /* Base */,
			);
			name = LaunchScreen.storyboard;
			sourceTree = "<group>";
		};
/* End PBXVariantGroup section */

/* Begin XCBuildConfiguration section */
		4E3501D91C8A859300032A86 /* Debug */ = {
			isa = XCBuildConfiguration;
			buildSettings = {
				ALWAYS_SEARCH_USER_PATHS = NO;
				CLANG_CXX_LANGUAGE_STANDARD = "gnu++0x";
				CLANG_CXX_LIBRARY = "libc++";
				CLANG_ENABLE_MODULES = YES;
				CLANG_ENABLE_OBJC_ARC = YES;
				CLANG_WARN_BOOL_CONVERSION = YES;
				CLANG_WARN_CONSTANT_CONVERSION = YES;
				CLANG_WARN_DIRECT_OBJC_ISA_USAGE = YES_ERROR;
				CLANG_WARN_EMPTY_BODY = YES;
				CLANG_WARN_ENUM_CONVERSION = YES;
				CLANG_WARN_INT_CONVERSION = YES;
				CLANG_WARN_OBJC_ROOT_CLASS = YES_ERROR;
				CLANG_WARN_UNREACHABLE_CODE = YES;
				CLANG_WARN__DUPLICATE_METHOD_MATCH = YES;
				"CODE_SIGN_IDENTITY[sdk=iphoneos*]" = "iPhone Developer";
				COPY_PHASE_STRIP = NO;
				DEBUG_INFORMATION_FORMAT = dwarf;
				ENABLE_STRICT_OBJC_MSGSEND = YES;
				ENABLE_TESTABILITY = YES;
				GCC_C_LANGUAGE_STANDARD = gnu99;
				GCC_DYNAMIC_NO_PIC = NO;
				GCC_NO_COMMON_BLOCKS = YES;
				GCC_OPTIMIZATION_LEVEL = 0;
				GCC_PREPROCESSOR_DEFINITIONS = (
					"DEBUG=1",
					"$(inherited)",
				);
				GCC_WARN_64_TO_32_BIT_CONVERSION = YES;
				GCC_WARN_ABOUT_RETURN_TYPE = YES_ERROR;
				GCC_WARN_UNDECLARED_SELECTOR = YES;
				GCC_WARN_UNINITIALIZED_AUTOS = YES_AGGRESSIVE;
				GCC_WARN_UNUSED_FUNCTION = YES;
				GCC_WARN_UNUSED_VARIABLE = YES;
				IPHONEOS_DEPLOYMENT_TARGET = 7.0;
				MTL_ENABLE_DEBUG_INFO = YES;
				ONLY_ACTIVE_ARCH = YES;
				SDKROOT = iphoneos;
			};
			name = Debug;
		};
		4E3501DA1C8A859300032A86 /* Release */ = {
			isa = XCBuildConfiguration;
			buildSettings = {
				ALWAYS_SEARCH_USER_PATHS = NO;
				CLANG_CXX_LANGUAGE_STANDARD = "gnu++0x";
				CLANG_CXX_LIBRARY = "libc++";
				CLANG_ENABLE_MODULES = YES;
				CLANG_ENABLE_OBJC_ARC = YES;
				CLANG_WARN_BOOL_CONVERSION = YES;
				CLANG_WARN_CONSTANT_CONVERSION = YES;
				CLANG_WARN_DIRECT_OBJC_ISA_USAGE = YES_ERROR;
				CLANG_WARN_EMPTY_BODY = YES;
				CLANG_WARN_ENUM_CONVERSION = YES;
				CLANG_WARN_INT_CONVERSION = YES;
				CLANG_WARN_OBJC_ROOT_CLASS = YES_ERROR;
				CLANG_WARN_UNREACHABLE_CODE = YES;
				CLANG_WARN__DUPLICATE_METHOD_MATCH = YES;
				"CODE_SIGN_IDENTITY[sdk=iphoneos*]" = "iPhone Developer";
				COPY_PHASE_STRIP = NO;
				DEBUG_INFORMATION_FORMAT = "dwarf-with-dsym";
				ENABLE_NS_ASSERTIONS = NO;
				ENABLE_STRICT_OBJC_MSGSEND = YES;
				GCC_C_LANGUAGE_STANDARD = gnu99;
				GCC_NO_COMMON_BLOCKS = YES;
				GCC_WARN_64_TO_32_BIT_CONVERSION = YES;
				GCC_WARN_ABOUT_RETURN_TYPE = YES_ERROR;
				GCC_WARN_UNDECLARED_SELECTOR = YES;
				GCC_WARN_UNINITIALIZED_AUTOS = YES_AGGRESSIVE;
				GCC_WARN_UNUSED_FUNCTION = YES;
				GCC_WARN_UNUSED_VARIABLE = YES;
				IPHONEOS_DEPLOYMENT_TARGET = 7.0;
				MTL_ENABLE_DEBUG_INFO = NO;
				SDKROOT = iphoneos;
				VALIDATE_PRODUCT = YES;
			};
			name = Release;
		};
		4E3501DC1C8A859300032A86 /* Debug */ = {
			isa = XCBuildConfiguration;
			buildSettings = {
				ASSETCATALOG_COMPILER_APPICON_NAME = AppIcon;
				INFOPLIST_FILE = VedioDemo/Info.plist;
				IPHONEOS_DEPLOYMENT_TARGET = 7.0;
				LD_RUNPATH_SEARCH_PATHS = "$(inherited) @executable_path/Frameworks";
				PRODUCT_BUNDLE_IDENTIFIER = YYG.VedioDemo;
				PRODUCT_NAME = "$(TARGET_NAME)";
			};
			name = Debug;
		};
		4E3501DD1C8A859300032A86 /* Release */ = {
			isa = XCBuildConfiguration;
			buildSettings = {
				ASSETCATALOG_COMPILER_APPICON_NAME = AppIcon;
				INFOPLIST_FILE = VedioDemo/Info.plist;
				IPHONEOS_DEPLOYMENT_TARGET = 7.0;
				LD_RUNPATH_SEARCH_PATHS = "$(inherited) @executable_path/Frameworks";
				PRODUCT_BUNDLE_IDENTIFIER = YYG.VedioDemo;
				PRODUCT_NAME = "$(TARGET_NAME)";
			};
			name = Release;
		};
/* End XCBuildConfiguration section */

/* Begin XCConfigurationList section */
		4E3501BF1C8A859300032A86 /* Build configuration list for PBXProject "VedioDemo" */ = {
			isa = XCConfigurationList;
			buildConfigurations = (
				4E3501D91C8A859300032A86 /* Debug */,
				4E3501DA1C8A859300032A86 /* Release */,
			);
			defaultConfigurationIsVisible = 0;
			defaultConfigurationName = Release;
		};
		4E3501DB1C8A859300032A86 /* Build configuration list for PBXNativeTarget "VedioDemo" */ = {
			isa = XCConfigurationList;
			buildConfigurations = (
				4E3501DC1C8A859300032A86 /* Debug */,
				4E3501DD1C8A859300032A86 /* Release */,
			);
			defaultConfigurationIsVisible = 0;
			defaultConfigurationName = Release;
		};
/* End XCConfigurationList section */
	};
	rootObject = 4E3501BC1C8A859300032A86 /* Project object */;
}
